{
  "name": "DimaDimaBackend",
  "lockfileVersion": 3,
  "requires": true,
  "packages": {
    "": {
      "dependencies": {
        "intl-tel-input": "^25.3.1",
        "sweetalert2": "^11.19.1"
      }
    },
    "node_modules/intl-tel-input": {
      "version": "25.3.1",
      "resolved": "https://registry.npmjs.org/intl-tel-input/-/intl-tel-input-25.3.1.tgz",
      "integrity": "sha512-0Xls8/hnvPv6EqfDJ+cz6h/MGvEYiHkerrQBHMmRuuBPZ0MedDyzRqqdSkhFXXGt9YTihmBhXwtWoeHjdouIKA=="
    },
    "node_modules/sweetalert2": {
      "version": "11.19.1",
      "resolved": "https://registry.npmjs.org/sweetalert2/-/sweetalert2-11.19.1.tgz",
      "integrity": "sha512-+8yws3Sc1srAZbrgdhmEIZny1I1UOYhJOIOdtOlv4TYaP5kkwQ9Zm8/BT23Qg+KdByCNOazltxEJAHzXVu8mhA==",
      "funding": {
        "type": "individual",
        "url": "https://github.com/sponsors/limonte"
      }
    }
  }
}
